
Microsoft Visual Studio Solution File, Format Version 12.00
# Visual Studio Version 17
VisualStudioVersion = 17.7.34024.191
MinimumVisualStudioVersion = 10.0.40219.1
Project("{FAE04EC0-301F-11D3-BF4B-00C04F79EFBC}") = "8.Building_calculator", "8.Building_calculator.csproj", "{1EFF1587-AD50-4E21-AEAB-788575C9BB64}"
EndProject
Global
	GlobalSection(SolutionConfigurationPlatforms) = preSolution
		Debug|Any CPU = Debug|Any CPU
		Release|Any CPU = Release|Any CPU
	EndGlobalSection
	GlobalSection(ProjectConfigurationPlatforms) = postSolution
		{1EFF1587-AD50-4E21-AEAB-788575C9BB64}.Debug|Any CPU.ActiveCfg = Debug|Any CPU
		{1EFF1587-AD50-4E21-AEAB-788575C9BB64}.Debug|Any CPU.Build.0 = Debug|Any CPU
		{1EFF1587-AD50-4E21-AEAB-788575C9BB64}.Release|Any CPU.ActiveCfg = Release|Any CPU
		{1EFF1587-AD50-4E21-AEAB-788575C9BB64}.Release|Any CPU.Build.0 = Release|Any CPU
	EndGlobalSection
	GlobalSection(SolutionProperties) = preSolution
		HideSolutionNode = FALSE
	EndGlobalSection
	GlobalSection(ExtensibilityGlobals) = postSolution
		SolutionGuid = {C26B6B5A-352E-4D88-9152-7975811DFD16}
	EndGlobalSection
EndGlobal
